
Microsoft Visual Studio Solution File, Format Version 12.00
# Visual Studio 14
VisualStudioVersion = 14.0.24720.0
MinimumVisualStudioVersion = 10.0.40219.1
Project("{E24C65DC-7377-472B-9ABA-BC803B73C61A}") = "ServiciosInfracciones", "ServiciosInfracciones\", "{EB09B2AD-6453-4D8C-92F3-90A49A7C1D4F}"
	ProjectSection(WebsiteProperties) = preProject
		TargetFrameworkMoniker = ".NETFramework,Version%3Dv3.5"
		Debug.AspNetCompiler.VirtualPath = "/localhost_13814"
		Debug.AspNetCompiler.PhysicalPath = "ServiciosInfracciones\"
		Debug.AspNetCompiler.TargetPath = "PrecompiledWeb\localhost_13814\"
		Debug.AspNetCompiler.Updateable = "true"
		Debug.AspNetCompiler.ForceOverwrite = "true"
		Debug.AspNetCompiler.FixedNames = "false"
		Debug.AspNetCompiler.Debug = "True"
		Release.AspNetCompiler.VirtualPath = "/localhost_13814"
		Release.AspNetCompiler.PhysicalPath = "ServiciosInfracciones\"
		Release.AspNetCompiler.TargetPath = "PrecompiledWeb\localhost_13814\"
		Release.AspNetCompiler.Updateable = "true"
		Release.AspNetCompiler.ForceOverwrite = "true"
		Release.AspNetCompiler.FixedNames = "false"
		Release.AspNetCompiler.Debug = "False"
		VWDPort = "13814"
		SlnRelativePath = "ServiciosInfracciones\"
		DefaultWebSiteLanguage = "Visual C#"
	EndProjectSection
EndProject
Project("{E24C65DC-7377-472B-9ABA-BC803B73C61A}") = "TestWeb_Infracciones", "TestWeb_Infracciones\", "{B8031DAE-DC21-4D31-9075-800E8C578686}"
	ProjectSection(WebsiteProperties) = preProject
		TargetFrameworkMoniker = ".NETFramework,Version%3Dv4.5.2"
		Debug.AspNetCompiler.VirtualPath = "/localhost_13892"
		Debug.AspNetCompiler.PhysicalPath = "TestWeb_Infracciones\"
		Debug.AspNetCompiler.TargetPath = "PrecompiledWeb\localhost_13892\"
		Debug.AspNetCompiler.Updateable = "true"
		Debug.AspNetCompiler.ForceOverwrite = "true"
		Debug.AspNetCompiler.FixedNames = "false"
		Debug.AspNetCompiler.Debug = "True"
		Release.AspNetCompiler.VirtualPath = "/localhost_13892"
		Release.AspNetCompiler.PhysicalPath = "TestWeb_Infracciones\"
		Release.AspNetCompiler.TargetPath = "PrecompiledWeb\localhost_13892\"
		Release.AspNetCompiler.Updateable = "true"
		Release.AspNetCompiler.ForceOverwrite = "true"
		Release.AspNetCompiler.FixedNames = "false"
		Release.AspNetCompiler.Debug = "False"
		VWDPort = "13892"
		SlnRelativePath = "TestWeb_Infracciones\"
		DefaultWebSiteLanguage = "Visual C#"
	EndProjectSection
EndProject
Project("{FAE04EC0-301F-11D3-BF4B-00C04F79EFBC}") = "TestWin_Infracciones", "TestWin_Infracciones\TestWin_Infracciones.csproj", "{56DFF1B1-CFA6-45B5-81CA-25035E4971EE}"
EndProject
Global
	GlobalSection(SolutionConfigurationPlatforms) = preSolution
		Debug|Any CPU = Debug|Any CPU
		Release|Any CPU = Release|Any CPU
	EndGlobalSection
	GlobalSection(ProjectConfigurationPlatforms) = postSolution
		{EB09B2AD-6453-4D8C-92F3-90A49A7C1D4F}.Debug|Any CPU.ActiveCfg = Debug|Any CPU
		{EB09B2AD-6453-4D8C-92F3-90A49A7C1D4F}.Debug|Any CPU.Build.0 = Debug|Any CPU
		{EB09B2AD-6453-4D8C-92F3-90A49A7C1D4F}.Release|Any CPU.ActiveCfg = Debug|Any CPU
		{EB09B2AD-6453-4D8C-92F3-90A49A7C1D4F}.Release|Any CPU.Build.0 = Debug|Any CPU
		{B8031DAE-DC21-4D31-9075-800E8C578686}.Debug|Any CPU.ActiveCfg = Debug|Any CPU
		{B8031DAE-DC21-4D31-9075-800E8C578686}.Debug|Any CPU.Build.0 = Debug|Any CPU
		{B8031DAE-DC21-4D31-9075-800E8C578686}.Release|Any CPU.ActiveCfg = Debug|Any CPU
		{B8031DAE-DC21-4D31-9075-800E8C578686}.Release|Any CPU.Build.0 = Debug|Any CPU
		{56DFF1B1-CFA6-45B5-81CA-25035E4971EE}.Debug|Any CPU.ActiveCfg = Debug|Any CPU
		{56DFF1B1-CFA6-45B5-81CA-25035E4971EE}.Debug|Any CPU.Build.0 = Debug|Any CPU
		{56DFF1B1-CFA6-45B5-81CA-25035E4971EE}.Release|Any CPU.ActiveCfg = Release|Any CPU
		{56DFF1B1-CFA6-45B5-81CA-25035E4971EE}.Release|Any CPU.Build.0 = Release|Any CPU
	EndGlobalSection
	GlobalSection(SolutionProperties) = preSolution
		HideSolutionNode = FALSE
	EndGlobalSection
EndGlobal
